
Microsoft Visual Studio Solution File, Format Version 12.00
# Visual Studio Version 17
VisualStudioVersion = 17.9.34723.18
MinimumVisualStudioVersion = 10.0.40219.1
Project("{FAE04EC0-301F-11D3-BF4B-00C04F79EFBC}") = "FirewoodCollider", "FirewoodCollider\FirewoodCollider.csproj", "{C2245239-E15B-494B-912A-D0DFC50ECD77}"
EndProject
Global
	GlobalSection(SolutionConfigurationPlatforms) = preSolution
		Debug|Any CPU = Debug|Any CPU
		Release|Any CPU = Release|Any CPU
	EndGlobalSection
	GlobalSection(ProjectConfigurationPlatforms) = postSolution
		{C2245239-E15B-494B-912A-D0DFC50ECD77}.Debug|Any CPU.ActiveCfg = Debug|Any CPU
		{C2245239-E15B-494B-912A-D0DFC50ECD77}.Debug|Any CPU.Build.0 = Debug|Any CPU
		{C2245239-E15B-494B-912A-D0DFC50ECD77}.Release|Any CPU.ActiveCfg = Release|Any CPU
		{C2245239-E15B-494B-912A-D0DFC50ECD77}.Release|Any CPU.Build.0 = Release|Any CPU
	EndGlobalSection
	GlobalSection(SolutionProperties) = preSolution
		HideSolutionNode = FALSE
	EndGlobalSection
	GlobalSection(ExtensibilityGlobals) = postSolution
		SolutionGuid = {8CF8EDFA-19AC-4BF8-BC1C-1BC1533423E7}
	EndGlobalSection
EndGlobal
